// !$*UTF8*$!
{
	archiveVersion = 1;
	classes = {
	};
	objectVersion = 46;
	objects = {

/* Begin PBXBuildFile section */
		3E37AB85160E44E900B17616 /* camera.cpp in Sources */ = {isa = PBXBuildFile; fileRef = 3E37AB7A160E44E900B17616 /* camera.cpp */; };
		3E37AB86160E44E900B17616 /* camera.h in Headers */ = {isa = PBXBuildFile; fileRef = 3E37AB7B160E44E900B17616 /* camera.h */; };
		3E37AB87160E44E900B17616 /* curve.cpp in Sources */ = {isa = PBXBuildFile; fileRef = 3E37AB7C160E44E900B17616 /* curve.cpp */; };
		3E37AB88160E44E900B17616 /* curve.h in Headers */ = {isa = PBXBuildFile; fileRef = 3E37AB7D160E44E900B17616 /* curve.h */; };
		3E37AB89160E44E900B17616 /* extra.h in Headers */ = {isa = PBXBuildFile; fileRef = 3E37AB7E160E44E900B17616 /* extra.h */; };
		3E37AB8A160E44E900B17616 /* main.cpp in Sources */ = {isa = PBXBuildFile; fileRef = 3E37AB7F160E44E900B17616 /* main.cpp */; };
		3E37AB8B160E44E900B17616 /* parse.cpp in Sources */ = {isa = PBXBuildFile; fileRef = 3E37AB80160E44E900B17616 /* parse.cpp */; };
		3E37AB8C160E44E900B17616 /* parse.h in Headers */ = {isa = PBXBuildFile; fileRef = 3E37AB81160E44E900B17616 /* parse.h */; };
		3E37AB8D160E44E900B17616 /* surf.cpp in Sources */ = {isa = PBXBuildFile; fileRef = 3E37AB82160E44E900B17616 /* surf.cpp */; };
		3E37AB8E160E44E900B17616 /* surf.h in Headers */ = {isa = PBXBuildFile; fileRef = 3E37AB83160E44E900B17616 /* surf.h */; };
		3E37AB8F160E44E900B17616 /* tuple.h in Headers */ = {isa = PBXBuildFile; fileRef = 3E37AB84160E44E900B17616 /* tuple.h */; };
		3EE40D25160D05D100531768 /* GLUT.framework in Frameworks */ = {isa = PBXBuildFile; fileRef = 3EE40D24160D05D100531768 /* GLUT.framework */; };
		3EE40D27160D05D500531768 /* OpenGL.framework in Frameworks */ = {isa = PBXBuildFile; fileRef = 3EE40D26160D05D500531768 /* OpenGL.framework */; };
		3EE40D2B160D061800531768 /* libvecmath.a in Frameworks */ = {isa = PBXBuildFile; fileRef = 3EE40D2A160D061800531768 /* libvecmath.a */; };
/* End PBXBuildFile section */

/* Begin PBXContainerItemProxy section */
		3E37ABAD160E453800B17616 /* PBXContainerItemProxy */ = {
			isa = PBXContainerItemProxy;
			containerPortal = 3E37AB9D160E44F700B17616 /* vecmath 3.xcodeproj */;
			proxyType = 1;
			remoteGlobalIDString = 3EE40D00160D04FA00531768;
			remoteInfo = vecmath;
		};
/* End PBXContainerItemProxy section */

/* Begin PBXCopyFilesBuildPhase section */
		3EE40CA4160D040700531768 /* CopyFiles */ = {
			isa = PBXCopyFilesBuildPhase;
			buildActionMask = 2147483647;
			dstPath = /usr/share/man/man1/;
			dstSubfolderSpec = 0;
			files = (
			);
			runOnlyForDeploymentPostprocessing = 1;
		};
/* End PBXCopyFilesBuildPhase section */

/* Begin PBXFileReference section */
		3E37AB7A160E44E900B17616 /* camera.cpp */ = {isa = PBXFileReference; fileEncoding = 4; lastKnownFileType = sourcecode.cpp.cpp; path = camera.cpp; sourceTree = "<group>"; };
		3E37AB7B160E44E900B17616 /* camera.h */ = {isa = PBXFileReference; fileEncoding = 4; lastKnownFileType = sourcecode.c.h; path = camera.h; sourceTree = "<group>"; };
		3E37AB7C160E44E900B17616 /* curve.cpp */ = {isa = PBXFileReference; fileEncoding = 4; lastKnownFileType = sourcecode.cpp.cpp; path = curve.cpp; sourceTree = "<group>"; };
		3E37AB7D160E44E900B17616 /* curve.h */ = {isa = PBXFileReference; fileEncoding = 4; lastKnownFileType = sourcecode.c.h; path = curve.h; sourceTree = "<group>"; };
		3E37AB7E160E44E900B17616 /* extra.h */ = {isa = PBXFileReference; fileEncoding = 4; lastKnownFileType = sourcecode.c.h; path = extra.h; sourceTree = "<group>"; };
		3E37AB7F160E44E900B17616 /* main.cpp */ = {isa = PBXFileReference; fileEncoding = 4; lastKnownFileType = sourcecode.cpp.cpp; path = main.cpp; sourceTree = "<group>"; };
		3E37AB80160E44E900B17616 /* parse.cpp */ = {isa = PBXFileReference; fileEncoding = 4; lastKnownFileType = sourcecode.cpp.cpp; path = parse.cpp; sourceTree = "<group>"; };
		3E37AB81160E44E900B17616 /* parse.h */ = {isa = PBXFileReference; fileEncoding = 4; lastKnownFileType = sourcecode.c.h; path = parse.h; sourceTree = "<group>"; };
		3E37AB82160E44E900B17616 /* surf.cpp */ = {isa = PBXFileReference; fileEncoding = 4; lastKnownFileType = sourcecode.cpp.cpp; path = surf.cpp; sourceTree = "<group>"; };
		3E37AB83160E44E900B17616 /* surf.h */ = {isa = PBXFileReference; fileEncoding = 4; lastKnownFileType = sourcecode.c.h; path = surf.h; sourceTree = "<group>"; };
		3E37AB84160E44E900B17616 /* tuple.h */ = {isa = PBXFileReference; fileEncoding = 4; lastKnownFileType = sourcecode.c.h; path = tuple.h; sourceTree = "<group>"; };
		3E37AB91160E44F000B17616 /* circles.swp */ = {isa = PBXFileReference; lastKnownFileType = text; path = circles.swp; sourceTree = "<group>"; };
		3E37AB92160E44F000B17616 /* core.swp */ = {isa = PBXFileReference; lastKnownFileType = text; path = core.swp; sourceTree = "<group>"; };
		3E37AB93160E44F000B17616 /* dragonfly.swp */ = {isa = PBXFileReference; lastKnownFileType = text; path = dragonfly.swp; sourceTree = "<group>"; };
		3E37AB94160E44F000B17616 /* flircle.swp */ = {isa = PBXFileReference; lastKnownFileType = text; path = flircle.swp; sourceTree = "<group>"; };
		3E37AB95160E44F000B17616 /* florus.swp */ = {isa = PBXFileReference; lastKnownFileType = text; path = florus.swp; sourceTree = "<group>"; };
		3E37AB96160E44F000B17616 /* gentorus.swp */ = {isa = PBXFileReference; lastKnownFileType = text; path = gentorus.swp; sourceTree = "<group>"; };
		3E37AB97160E44F000B17616 /* norm.swp */ = {isa = PBXFileReference; lastKnownFileType = text; path = norm.swp; sourceTree = "<group>"; };
		3E37AB98160E44F000B17616 /* tor.swp */ = {isa = PBXFileReference; lastKnownFileType = text; path = tor.swp; sourceTree = "<group>"; };
		3E37AB99160E44F000B17616 /* tube-table.swp */ = {isa = PBXFileReference; lastKnownFileType = text; path = "tube-table.swp"; sourceTree = "<group>"; };
		3E37AB9A160E44F000B17616 /* weird.swp */ = {isa = PBXFileReference; lastKnownFileType = text; path = weird.swp; sourceTree = "<group>"; };
		3E37AB9B160E44F000B17616 /* weirder.swp */ = {isa = PBXFileReference; lastKnownFileType = text; path = weirder.swp; sourceTree = "<group>"; };
		3E37AB9C160E44F000B17616 /* wineglass.swp */ = {isa = PBXFileReference; lastKnownFileType = text; path = wineglass.swp; sourceTree = "<group>"; };
		3E37AB9D160E44F700B17616 /* vecmath 3.xcodeproj */ = {isa = PBXFileReference; lastKnownFileType = "wrapper.pb-project"; name = "vecmath 3.xcodeproj"; path = "vecmath/vecmath 3.xcodeproj"; sourceTree = "<group>"; };
		3E37ABA5160E450F00B17616 /* Matrix2f.h */ = {isa = PBXFileReference; lastKnownFileType = sourcecode.c.h; path = Matrix2f.h; sourceTree = "<group>"; };
		3E37ABA6160E450F00B17616 /* Matrix3f.h */ = {isa = PBXFileReference; lastKnownFileType = sourcecode.c.h; path = Matrix3f.h; sourceTree = "<group>"; };
		3E37ABA7160E450F00B17616 /* Matrix4f.h */ = {isa = PBXFileReference; lastKnownFileType = sourcecode.c.h; path = Matrix4f.h; sourceTree = "<group>"; };
		3E37ABA8160E450F00B17616 /* Quat4f.h */ = {isa = PBXFileReference; lastKnownFileType = sourcecode.c.h; path = Quat4f.h; sourceTree = "<group>"; };
		3E37ABA9160E450F00B17616 /* vecmath.h */ = {isa = PBXFileReference; lastKnownFileType = sourcecode.c.h; path = vecmath.h; sourceTree = "<group>"; };
		3E37ABAA160E450F00B17616 /* Vector2f.h */ = {isa = PBXFileReference; lastKnownFileType = sourcecode.c.h; path = Vector2f.h; sourceTree = "<group>"; };
		3E37ABAB160E450F00B17616 /* Vector3f.h */ = {isa = PBXFileReference; lastKnownFileType = sourcecode.c.h; path = Vector3f.h; sourceTree = "<group>"; };
		3E37ABAC160E450F00B17616 /* Vector4f.h */ = {isa = PBXFileReference; lastKnownFileType = sourcecode.c.h; path = Vector4f.h; sourceTree = "<group>"; };
		3E37ABB0160E462E00B17616 /* README.txt */ = {isa = PBXFileReference; fileEncoding = 4; lastKnownFileType = text; path = README.txt; sourceTree = "<group>"; };
		3EE40CA6160D040700531768 /* a1 */ = {isa = PBXFileReference; explicitFileType = "compiled.mach-o.executable"; includeInIndex = 0; path = a1; sourceTree = BUILT_PRODUCTS_DIR; };
		3EE40D24160D05D100531768 /* GLUT.framework */ = {isa = PBXFileReference; lastKnownFileType = wrapper.framework; name = GLUT.framework; path = System/Library/Frameworks/GLUT.framework; sourceTree = SDKROOT; };
		3EE40D26160D05D500531768 /* OpenGL.framework */ = {isa = PBXFileReference; lastKnownFileType = wrapper.framework; name = OpenGL.framework; path = System/Library/Frameworks/OpenGL.framework; sourceTree = SDKROOT; };
		3EE40D2A160D061800531768 /* libvecmath.a */ = {isa = PBXFileReference; lastKnownFileType = archive.ar; name = libvecmath.a; path = "one-xcode/vecmath/lib/libvecmath.a"; sourceTree = "<group>"; };
/* End PBXFileReference section */

/* Begin PBXFrameworksBuildPhase section */
		3EE40CA3160D040700531768 /* Frameworks */ = {
			isa = PBXFrameworksBuildPhase;
			buildActionMask = 2147483647;
			files = (
				3EE40D27160D05D500531768 /* OpenGL.framework in Frameworks */,
				3EE40D25160D05D100531768 /* GLUT.framework in Frameworks */,
				3EE40D2B160D061800531768 /* libvecmath.a in Frameworks */,
			);
			runOnlyForDeploymentPostprocessing = 0;
		};
/* End PBXFrameworksBuildPhase section */

/* Begin PBXGroup section */
		3E37AB90160E44F000B17616 /* swp */ = {
			isa = PBXGroup;
			children = (
				3E37AB91160E44F000B17616 /* circles.swp */,
				3E37AB92160E44F000B17616 /* core.swp */,
				3E37AB93160E44F000B17616 /* dragonfly.swp */,
				3E37AB94160E44F000B17616 /* flircle.swp */,
				3E37AB95160E44F000B17616 /* florus.swp */,
				3E37AB96160E44F000B17616 /* gentorus.swp */,
				3E37AB97160E44F000B17616 /* norm.swp */,
				3E37AB98160E44F000B17616 /* tor.swp */,
				3E37AB99160E44F000B17616 /* tube-table.swp */,
				3E37AB9A160E44F000B17616 /* weird.swp */,
				3E37AB9B160E44F000B17616 /* weirder.swp */,
				3E37AB9C160E44F000B17616 /* wineglass.swp */,
			);
			path = swp;
			sourceTree = "<group>";
		};
		3E37AB9E160E44F700B17616 /* Products */ = {
			isa = PBXGroup;
			children = (
			);
			name = Products;
			sourceTree = "<group>";
		};
		3E37ABA4160E450F00B17616 /* include */ = {
			isa = PBXGroup;
			children = (
				3E37ABA5160E450F00B17616 /* Matrix2f.h */,
				3E37ABA6160E450F00B17616 /* Matrix3f.h */,
				3E37ABA7160E450F00B17616 /* Matrix4f.h */,
				3E37ABA8160E450F00B17616 /* Quat4f.h */,
				3E37ABA9160E450F00B17616 /* vecmath.h */,
				3E37ABAA160E450F00B17616 /* Vector2f.h */,
				3E37ABAB160E450F00B17616 /* Vector3f.h */,
				3E37ABAC160E450F00B17616 /* Vector4f.h */,
			);
			name = include;
			path = vecmath/include;
			sourceTree = "<group>";
		};
		3EE40C9B160D040700531768 = {
			isa = PBXGroup;
			children = (
				3E37ABB0160E462E00B17616 /* README.txt */,
				3E37AB7A160E44E900B17616 /* camera.cpp */,
				3E37AB7B160E44E900B17616 /* camera.h */,
				3E37AB7C160E44E900B17616 /* curve.cpp */,
				3E37AB7D160E44E900B17616 /* curve.h */,
				3E37AB7E160E44E900B17616 /* extra.h */,
				3E37AB7F160E44E900B17616 /* main.cpp */,
				3E37AB80160E44E900B17616 /* parse.cpp */,
				3E37AB81160E44E900B17616 /* parse.h */,
				3E37AB82160E44E900B17616 /* surf.cpp */,
				3E37AB83160E44E900B17616 /* surf.h */,
				3E37AB84160E44E900B17616 /* tuple.h */,
				3E37AB90160E44F000B17616 /* swp */,
				3EE40D2C160D062000531768 /* frameworks */,
				3E37ABA4160E450F00B17616 /* include */,
				3E37AB9D160E44F700B17616 /* vecmath 3.xcodeproj */,
				3EE40CA7160D040700531768 /* Products */,
			);
			sourceTree = "<group>";
		};
		3EE40CA7160D040700531768 /* Products */ = {
			isa = PBXGroup;
			children = (
				3EE40CA6160D040700531768 /* a1 */,
			);
			name = Products;
			sourceTree = "<group>";
		};
		3EE40D2C160D062000531768 /* frameworks */ = {
			isa = PBXGroup;
			children = (
				3EE40D26160D05D500531768 /* OpenGL.framework */,
				3EE40D24160D05D100531768 /* GLUT.framework */,
				3EE40D2A160D061800531768 /* libvecmath.a */,
			);
			name = frameworks;
			sourceTree = "<group>";
		};
/* End PBXGroup section */

/* Begin PBXHeadersBuildPhase section */
		3EE40D2F160D06A900531768 /* Headers */ = {
			isa = PBXHeadersBuildPhase;
			buildActionMask = 2147483647;
			files = (
				3E37AB86160E44E900B17616 /* camera.h in Headers */,
				3E37AB88160E44E900B17616 /* curve.h in Headers */,
				3E37AB89160E44E900B17616 /* extra.h in Headers */,
				3E37AB8C160E44E900B17616 /* parse.h in Headers */,
				3E37AB8E160E44E900B17616 /* surf.h in Headers */,
				3E37AB8F160E44E900B17616 /* tuple.h in Headers */,
			);
			runOnlyForDeploymentPostprocessing = 0;
		};
/* End PBXHeadersBuildPhase section */

/* Begin PBXNativeTarget section */
		3EE40CA5160D040700531768 /* a1 */ = {
			isa = PBXNativeTarget;
			buildConfigurationList = 3EE40CB0160D040700531768 /* Build configuration list for PBXNativeTarget "a1" */;
			buildPhases = (
				3EE40D2F160D06A900531768 /* Headers */,
				3EE40CA2160D040700531768 /* Sources */,
				3EE40CA3160D040700531768 /* Frameworks */,
				3EE40CA4160D040700531768 /* CopyFiles */,
			);
			buildRules = (
			);
			dependencies = (
				3E37ABAE160E453800B17616 /* PBXTargetDependency */,
			);
			name = a1;
			productName = "one-xcode";
			productReference = 3EE40CA6160D040700531768 /* a1 */;
			productType = "com.apple.product-type.tool";
		};
/* End PBXNativeTarget section */

/* Begin PBXProject section */
		3EE40C9D160D040700531768 /* Project object */ = {
			isa = PBXProject;
			attributes = {
				LastUpgradeCheck = 0450;
				ORGANIZATIONNAME = "Ethan Sherbondy";
			};
			buildConfigurationList = 3EE40CA0160D040700531768 /* Build configuration list for PBXProject "a1" */;
			compatibilityVersion = "Xcode 3.2";
			developmentRegion = English;
			hasScannedForEncodings = 0;
			knownRegions = (
				en,
			);
			mainGroup = 3EE40C9B160D040700531768;
			productRefGroup = 3EE40CA7160D040700531768 /* Products */;
			projectDirPath = "";
			projectReferences = (
				{
					ProductGroup = 3E37AB9E160E44F700B17616 /* Products */;
					ProjectRef = 3E37AB9D160E44F700B17616 /* vecmath 3.xcodeproj */;
				},
			);
			projectRoot = "";
			targets = (
				3EE40CA5160D040700531768 /* a1 */,
			);
		};
/* End PBXProject section */

/* Begin PBXSourcesBuildPhase section */
		3EE40CA2160D040700531768 /* Sources */ = {
			isa = PBXSourcesBuildPhase;
			buildActionMask = 2147483647;
			files = (
				3E37AB85160E44E900B17616 /* camera.cpp in Sources */,
				3E37AB87160E44E900B17616 /* curve.cpp in Sources */,
				3E37AB8A160E44E900B17616 /* main.cpp in Sources */,
				3E37AB8B160E44E900B17616 /* parse.cpp in Sources */,
				3E37AB8D160E44E900B17616 /* surf.cpp in Sources */,
			);
			runOnlyForDeploymentPostprocessing = 0;
		};
/* End PBXSourcesBuildPhase section */

/* Begin PBXTargetDependency section */
		3E37ABAE160E453800B17616 /* PBXTargetDependency */ = {
			isa = PBXTargetDependency;
			name = vecmath;
			targetProxy = 3E37ABAD160E453800B17616 /* PBXContainerItemProxy */;
		};
/* End PBXTargetDependency section */

/* Begin XCBuildConfiguration section */
		3EE40CAE160D040700531768 /* Debug */ = {
			isa = XCBuildConfiguration;
			buildSettings = {
				ALWAYS_SEARCH_USER_PATHS = NO;
				ARCHS = "$(ARCHS_STANDARD_64_BIT)";
				CLANG_CXX_LANGUAGE_STANDARD = "gnu++0x";
				CLANG_CXX_LIBRARY = "libc++";
				CLANG_WARN_EMPTY_BODY = YES;
				CLANG_WARN__DUPLICATE_METHOD_MATCH = YES;
				COPY_PHASE_STRIP = NO;
				GCC_C_LANGUAGE_STANDARD = gnu99;
				GCC_DYNAMIC_NO_PIC = NO;
				GCC_ENABLE_OBJC_EXCEPTIONS = YES;
				GCC_OPTIMIZATION_LEVEL = 0;
				GCC_PREPROCESSOR_DEFINITIONS = (
					"DEBUG=1",
					"$(inherited)",
				);
				GCC_SYMBOLS_PRIVATE_EXTERN = NO;
				GCC_WARN_64_TO_32_BIT_CONVERSION = YES;
				GCC_WARN_ABOUT_RETURN_TYPE = YES;
				GCC_WARN_UNINITIALIZED_AUTOS = YES;
				GCC_WARN_UNUSED_VARIABLE = YES;
				MACOSX_DEPLOYMENT_TARGET = 10.8;
				ONLY_ACTIVE_ARCH = YES;
				SDKROOT = macosx;
			};
			name = Debug;
		};
		3EE40CAF160D040700531768 /* Release */ = {
			isa = XCBuildConfiguration;
			buildSettings = {
				ALWAYS_SEARCH_USER_PATHS = NO;
				ARCHS = "$(ARCHS_STANDARD_64_BIT)";
				CLANG_CXX_LANGUAGE_STANDARD = "gnu++0x";
				CLANG_CXX_LIBRARY = "libc++";
				CLANG_WARN_EMPTY_BODY = YES;
				CLANG_WARN__DUPLICATE_METHOD_MATCH = YES;
				COPY_PHASE_STRIP = YES;
				DEBUG_INFORMATION_FORMAT = "dwarf-with-dsym";
				GCC_C_LANGUAGE_STANDARD = gnu99;
				GCC_ENABLE_OBJC_EXCEPTIONS = YES;
				GCC_WARN_64_TO_32_BIT_CONVERSION = YES;
				GCC_WARN_ABOUT_RETURN_TYPE = YES;
				GCC_WARN_UNINITIALIZED_AUTOS = YES;
				GCC_WARN_UNUSED_VARIABLE = YES;
				MACOSX_DEPLOYMENT_TARGET = 10.8;
				SDKROOT = macosx;
			};
			name = Release;
		};
		3EE40CB1160D040700531768 /* Debug */ = {
			isa = XCBuildConfiguration;
			buildSettings = {
				LIBRARY_SEARCH_PATHS = (
					"$(inherited)",
					"\"$(SRCROOT)/vecmath/lib\"",
				);
				PRODUCT_NAME = a1;
			};
			name = Debug;
		};
		3EE40CB2160D040700531768 /* Release */ = {
			isa = XCBuildConfiguration;
			buildSettings = {
				LIBRARY_SEARCH_PATHS = (
					"$(inherited)",
					"\"$(SRCROOT)/vecmath/lib\"",
				);
				PRODUCT_NAME = a1;
			};
			name = Release;
		};
/* End XCBuildConfiguration section */

/* Begin XCConfigurationList section */
		3EE40CA0160D040700531768 /* Build configuration list for PBXProject "a1" */ = {
			isa = XCConfigurationList;
			buildConfigurations = (
				3EE40CAE160D040700531768 /* Debug */,
				3EE40CAF160D040700531768 /* Release */,
			);
			defaultConfigurationIsVisible = 0;
			defaultConfigurationName = Release;
		};
		3EE40CB0160D040700531768 /* Build configuration list for PBXNativeTarget "a1" */ = {
			isa = XCConfigurationList;
			buildConfigurations = (
				3EE40CB1160D040700531768 /* Debug */,
				3EE40CB2160D040700531768 /* Release */,
			);
			defaultConfigurationIsVisible = 0;
			defaultConfigurationName = Release;
		};
/* End XCConfigurationList section */
	};
	rootObject = 3EE40C9D160D040700531768 /* Project object */;
}
